
Microsoft Visual Studio Solution File, Format Version 12.00
# Visual Studio 15
VisualStudioVersion = 15.0.28307.271
MinimumVisualStudioVersion = 10.0.40219.1
Project("{8BC9CEB8-8B4A-11D0-8D11-00A0C91BC942}") = "first_VS_Project", "first_VS_Project\first_VS_Project.vcxproj", "{9740195C-1CFA-4FAE-A136-28193E1ED3CC}"
EndProject
Global
	GlobalSection(SolutionConfigurationPlatforms) = preSolution
		Debug|x64 = Debug|x64
		Debug|x86 = Debug|x86
		Release|x64 = Release|x64
		Release|x86 = Release|x86
	EndGlobalSection
	GlobalSection(ProjectConfigurationPlatforms) = postSolution
		{9740195C-1CFA-4FAE-A136-28193E1ED3CC}.Debug|x64.ActiveCfg = Debug|x64
		{9740195C-1CFA-4FAE-A136-28193E1ED3CC}.Debug|x64.Build.0 = Debug|x64
		{9740195C-1CFA-4FAE-A136-28193E1ED3CC}.Debug|x86.ActiveCfg = Debug|Win32
		{9740195C-1CFA-4FAE-A136-28193E1ED3CC}.Debug|x86.Build.0 = Debug|Win32
		{9740195C-1CFA-4FAE-A136-28193E1ED3CC}.Release|x64.ActiveCfg = Release|x64
		{9740195C-1CFA-4FAE-A136-28193E1ED3CC}.Release|x64.Build.0 = Release|x64
		{9740195C-1CFA-4FAE-A136-28193E1ED3CC}.Release|x86.ActiveCfg = Release|Win32
		{9740195C-1CFA-4FAE-A136-28193E1ED3CC}.Release|x86.Build.0 = Release|Win32
	EndGlobalSection
	GlobalSection(SolutionProperties) = preSolution
		HideSolutionNode = FALSE
	EndGlobalSection
	GlobalSection(ExtensibilityGlobals) = postSolution
		SolutionGuid = {C45F5522-6194-4346-82C3-809C5C44252B}
	EndGlobalSection
EndGlobal
